
Microsoft Visual Studio Solution File, Format Version 12.00
# Visual Studio Version 17
VisualStudioVersion = 17.8.34330.188
MinimumVisualStudioVersion = 10.0.40219.1
Project("{FAE04EC0-301F-11D3-BF4B-00C04F79EFBC}") = "Promrub.Services.API", "Promrub.Services.API\Promrub.Services.API.csproj", "{D0EA26BD-8430-4717-9C38-2E3C4DEDF533}"
EndProject
Project("{E53339B2-1760-4266-BCC7-CA923CBCF16C}") = "docker-compose", "docker-compose.dcproj", "{7DAD4ECD-ED02-461A-8E50-27D235931DE7}"
EndProject
Global
	GlobalSection(SolutionConfigurationPlatforms) = preSolution
		Debug|Any CPU = Debug|Any CPU
		Release|Any CPU = Release|Any CPU
	EndGlobalSection
	GlobalSection(ProjectConfigurationPlatforms) = postSolution
		{D0EA26BD-8430-4717-9C38-2E3C4DEDF533}.Debug|Any CPU.ActiveCfg = Debug|Any CPU
		{D0EA26BD-8430-4717-9C38-2E3C4DEDF533}.Debug|Any CPU.Build.0 = Debug|Any CPU
		{D0EA26BD-8430-4717-9C38-2E3C4DEDF533}.Release|Any CPU.ActiveCfg = Release|Any CPU
		{D0EA26BD-8430-4717-9C38-2E3C4DEDF533}.Release|Any CPU.Build.0 = Release|Any CPU
		{7DAD4ECD-ED02-461A-8E50-27D235931DE7}.Debug|Any CPU.ActiveCfg = Debug|Any CPU
		{7DAD4ECD-ED02-461A-8E50-27D235931DE7}.Debug|Any CPU.Build.0 = Debug|Any CPU
		{7DAD4ECD-ED02-461A-8E50-27D235931DE7}.Release|Any CPU.ActiveCfg = Release|Any CPU
		{7DAD4ECD-ED02-461A-8E50-27D235931DE7}.Release|Any CPU.Build.0 = Release|Any CPU
	EndGlobalSection
	GlobalSection(SolutionProperties) = preSolution
		HideSolutionNode = FALSE
	EndGlobalSection
	GlobalSection(ExtensibilityGlobals) = postSolution
		SolutionGuid = {455BDBE1-654A-426F-878C-A25E3D48963D}
	EndGlobalSection
EndGlobal
